
Microsoft Visual Studio Solution File, Format Version 11.00
# Visual Studio 2010
Project("{FAE04EC0-301F-11D3-BF4B-00C04F79EFBC}") = "Assembly-CSharp", "Assembly-CSharp.csproj", "{306350C4-DC9C-0AEF-25B3-7FFAFC939BFD}"
EndProject
Project("{FAE04EC0-301F-11D3-BF4B-00C04F79EFBC}") = "Tests", "Tests.csproj", "{47DA255C-E1FB-5151-22E8-BCCDF3A4981A}"
EndProject
Project("{FAE04EC0-301F-11D3-BF4B-00C04F79EFBC}") = "Assembly-CSharp-Editor", "Assembly-CSharp-Editor.csproj", "{A10048DD-760D-9E87-B372-97DEAEF4494D}"
EndProject
Global
	GlobalSection(SolutionConfigurationPlatforms) = preSolution
		Debug|Any CPU = Debug|Any CPU
		Release|Any CPU = Release|Any CPU
	EndGlobalSection
	GlobalSection(ProjectConfigurationPlatforms) = postSolution
		{306350C4-DC9C-0AEF-25B3-7FFAFC939BFD}.Debug|Any CPU.ActiveCfg = Debug|Any CPU
		{306350C4-DC9C-0AEF-25B3-7FFAFC939BFD}.Debug|Any CPU.Build.0 = Debug|Any CPU
		{306350C4-DC9C-0AEF-25B3-7FFAFC939BFD}.Release|Any CPU.ActiveCfg = Release|Any CPU
		{306350C4-DC9C-0AEF-25B3-7FFAFC939BFD}.Release|Any CPU.Build.0 = Release|Any CPU
		{47DA255C-E1FB-5151-22E8-BCCDF3A4981A}.Debug|Any CPU.ActiveCfg = Debug|Any CPU
		{47DA255C-E1FB-5151-22E8-BCCDF3A4981A}.Debug|Any CPU.Build.0 = Debug|Any CPU
		{47DA255C-E1FB-5151-22E8-BCCDF3A4981A}.Release|Any CPU.ActiveCfg = Release|Any CPU
		{47DA255C-E1FB-5151-22E8-BCCDF3A4981A}.Release|Any CPU.Build.0 = Release|Any CPU
		{A10048DD-760D-9E87-B372-97DEAEF4494D}.Debug|Any CPU.ActiveCfg = Debug|Any CPU
		{A10048DD-760D-9E87-B372-97DEAEF4494D}.Debug|Any CPU.Build.0 = Debug|Any CPU
		{A10048DD-760D-9E87-B372-97DEAEF4494D}.Release|Any CPU.ActiveCfg = Release|Any CPU
		{A10048DD-760D-9E87-B372-97DEAEF4494D}.Release|Any CPU.Build.0 = Release|Any CPU
	EndGlobalSection
	GlobalSection(SolutionProperties) = preSolution
		HideSolutionNode = FALSE
	EndGlobalSection
	GlobalSection(MonoDevelopProperties) = preSolution
		StartupItem = Assembly-CSharp.csproj
	EndGlobalSection
EndGlobal
